packages:
  - package: dbt-labs/dbt_utils
    version: 1.0.0
  - package: dbt-labs/codegen
    version: 0.9.0
  - package: dbt-labs/dbt_external_tables
    version: 0.8.2
  - package: dbt-labs/spark_utils
    version: 0.3.0
  - package: dbt-labs/audit_helper
    version: 0.6.0
  - package: calogica/dbt_expectations
    version: 0.10.4
  - package: calogica/dbt_date
    version: 0.10.1
sha1_hash: 18439d00d6aa3e6f4e9189d518eaf6a5c5af499e
